
Microsoft Visual Studio Solution File, Format Version 12.00
# Visual Studio Version 17
VisualStudioVersion = 17.6.33829.357
MinimumVisualStudioVersion = 10.0.40219.1
Project("{FAE04EC0-301F-11D3-BF4B-00C04F79EFBC}") = "Venda-de-cookies", "Venda-de-cookies\Venda-de-cookies.csproj", "{07A074FF-A910-493F-AC6B-F4A65221323F}"
EndProject
Global
	GlobalSection(SolutionConfigurationPlatforms) = preSolution
		Debug|Any CPU = Debug|Any CPU
		Release|Any CPU = Release|Any CPU
	EndGlobalSection
	GlobalSection(ProjectConfigurationPlatforms) = postSolution
		{07A074FF-A910-493F-AC6B-F4A65221323F}.Debug|Any CPU.ActiveCfg = Debug|Any CPU
		{07A074FF-A910-493F-AC6B-F4A65221323F}.Debug|Any CPU.Build.0 = Debug|Any CPU
		{07A074FF-A910-493F-AC6B-F4A65221323F}.Release|Any CPU.ActiveCfg = Release|Any CPU
		{07A074FF-A910-493F-AC6B-F4A65221323F}.Release|Any CPU.Build.0 = Release|Any CPU
	EndGlobalSection
	GlobalSection(SolutionProperties) = preSolution
		HideSolutionNode = FALSE
	EndGlobalSection
	GlobalSection(ExtensibilityGlobals) = postSolution
		SolutionGuid = {79401671-07C3-4C60-9706-354998CE05A3}
	EndGlobalSection
EndGlobal
